dmitri.shuralyov.com/gpu/mtl v0.0.0-20190408044501-666a987793e9/go.mod h1:H6x//7gZCb22OMCxBHrMx7a5I7Hp++hsVxbQ4BYO7hU=
github.com/BurntSushi/xgb v0.0.0-20160522181843-27f122750802/go.mod h1:IVnqGOEym/WlBOVXweHU+Q+/VP0lqqI8lqeDx9IjBqo=
github.com/davecgh/go-spew v1.1.0/go.mod h1:J7Y8YcW2NihsgmVo/mv3lAwl/skON4iLHjSsI+c5H38=
github.com/davecgh/go-spew v1.1.1/go.mod h1:J7Y8YcW2NihsgmVo/mv3lAwl/skON4iLHjSsI+c5H38=
github.com/gdamore/encoding v1.0.0/go.mod h1:alR0ol34c49FCSBLjhosxzcPHQbf2trDkoo5dl+VrEg=
github.com/gdamore/tcell v1.4.0/go.mod h1:vxEiSDZdW3L+Uhjii9c3375IlDmR05bzxY404ZVSMo0=
github.com/go-gl/glfw/v3.3/glfw v0.0.0-20200222043503-6f7a984d4dc4/go.mod h1:tQ2UAYgL5IevRw8kRxooKSPJfGvJ9fJQFa0TUsXzTg8=
github.com/gorilla/mux v1.8.0 h1:i40aqfkR1h2SlN9hojwV5ZA91wcXFOvkdNIeFDP5koI=
github.com/gorilla/mux v1.8.0/go.mod h1:DVbg23sWSpFRCP0SfiEN6jmj59UnW/n46BH5rLB71So=
github.com/gregoryv/ant v0.0.0-20201022113027-b550c4e3aba5 h1:ALCKA6eiPfiuj3Zx6agK8w/5sVlA6ZxsAE+MujAamEE=
github.com/gregoryv/ant v0.0.0-20201022113027-b550c4e3aba5/go.mod h1:kLkIdox9vvZ2gO7WqX5xSIA1j95MVR2RYpL6T0xf1cQ=
github.com/gregoryv/asserter v0.1.0/go.mod h1:iLD46IKZjjleTkmDikemRaDZQldDrq8uwTnygV/hC/M=
github.com/gregoryv/asserter v0.2.3-0.20200604204219-cc98dbaa395f/go.mod h1:WjMhNLh0zjyvgOQpWWx8Om0n7jlgMzTn7qgKhJeH8ew=
github.com/gregoryv/asserter v0.3.1-0.20200620185907-332cdf62ce04/go.mod h1:WjMhNLh0zjyvgOQpWWx8Om0n7jlgMzTn7qgKhJeH8ew=
github.com/gregoryv/asserter v0.4.1-0.20201128093127-74b8bb2743ca/go.mod h1:z1mBb29IGWaSx97sT7+i5j+KCbl+kBth9mwmX56mrNU=
github.com/gregoryv/asserter v0.4.1 h1:NGQW1rdiNbX0Teu4sgcVHtOG64idTEPLafif+AePYyY=
github.com/gregoryv/asserter v0.4.1/go.mod h1:0WJPXw6UYkoTQlbkm8fvRghp0CeOo7oliS5JTvnv6pM=
github.com/gregoryv/cmdline v0.7.0/go.mod h1:HMy8QMZfta+VoVCmU97HFm+UR5/Cj03n9uA+7sQyuJU=
github.com/gregoryv/cmdline v0.9.0 h1:Z75SX7U5x81HuMB5OsyCfQ1NXJHXtff1EGnui9s/ejE=
github.com/gregoryv/cmdline v0.9.0/go.mod h1:15MFjQA5LRL9Ot2YXhNGBXjP91lZnN1CkkR5VthI5H0=
github.com/gregoryv/cmdline v0.9.1-0.20211121103725-a4eaa657761d h1:Nwmj3h2f8UthSZ1LLiuw8TIibpwYFuhY7DiGVKNFvSQ=
github.com/gregoryv/cmdline v0.9.1-0.20211121103725-a4eaa657761d/go.mod h1:15MFjQA5LRL9Ot2YXhNGBXjP91lZnN1CkkR5VthI5H0=
github.com/gregoryv/draw v0.9.0/go.mod h1:aIBRpJ6WIOpnpgHjb2t2kthKZM74x55TGea+ZIElVwg=
github.com/gregoryv/draw v0.13.0/go.mod h1:ZjcU2lJq2eA+jQAdIslryahmUzp8aAvTrBdEZIQ4V6I=
github.com/gregoryv/english v0.4.1/go.mod h1:5kcVzgVHvYWLxmJ/ymSmMhW30EHaP11iB5kWOx5FChw=
github.com/gregoryv/find v0.0.0-20180328085109-1bbc2d70c482/go.mod h1:/xxQlO62bzxhyabf2iKJzGJa+VAJy25spLI/6ICTrxU=
github.com/gregoryv/find v0.2.0 h1:yCVUbZUAhqRReahLe1WWgsWPe/y28+aPbd754tr1+SU=
github.com/gregoryv/find v0.2.0/go.mod h1:ZxH/FkVt6VM//T7edeCqCc2dJRrLAtCYvtvdM6Hk398=
github.com/gregoryv/fox v0.2.0/go.mod h1:TIjp1KNSs4u5psYeHElpkZTAuj2SKuELviyJokIqjSs=
github.com/gregoryv/fox v0.5.0/go.mod h1:s96q/0H5V5vdMLYr7Z44DKlu3mkN4sTu5PCw9iTveFY=
github.com/gregoryv/fox v0.6.2/go.mod h1:q4zVFHqDsuwa2fxPOfNuh3CkRIVepBDpmXnu+IkpcQA=
github.com/gregoryv/fox v0.6.3-0.20201113145101-022212e5f6eb h1:IBmWnVuzQwkMEyPZG51rpsnZCyms+5FHRATGxJik23U=
github.com/gregoryv/fox v0.6.3-0.20201113145101-022212e5f6eb/go.mod h1:q4zVFHqDsuwa2fxPOfNuh3CkRIVepBDpmXnu+IkpcQA=
github.com/gregoryv/gocyclo v0.0.0-20180305144948-0be7902fabdc/go.mod h1:x/QA8cT1gfn/XriQ/CVNX7I8IM4Z2YJAAEWFym2clZI=
github.com/gregoryv/gocyclo v0.1.0 h1:ZRLCMDzJPdeExgQr9nIJDkibEeSLCdXQ8Yj38d09KNE=
github.com/gregoryv/gocyclo v0.1.0/go.mod h1:e1PwkEyshvXjhPGP0RUXqlEXx09aBSSNj0wL8I/P/3I=
github.com/gregoryv/golden v0.3.1/go.mod h1:gwYSBOmvGF+fefo7P1PyBpAqqvYx6S85dmkUaI6QMU4=
github.com/gregoryv/golden v0.4.1/go.mod h1:gwYSBOmvGF+fefo7P1PyBpAqqvYx6S85dmkUaI6QMU4=
github.com/gregoryv/golden v0.6.0/go.mod h1:Dixy3sKTkmTWk6+8FmGIo2Bt+Y/bJ4YYAJif8ckPXfI=
github.com/gregoryv/golden v0.6.1 h1:vZY0sBsmvIHu2SJdFc9C4WP6XNCPlUlRTEqEoVDA0qk=
github.com/gregoryv/must v0.1.0 h1:BDKYoBKy6ekCoGr9HUu/FFh29HPSgDfAY6ez8omrbps=
github.com/gregoryv/must v0.1.0/go.mod h1:1HQ/4FuSFr52clBKUWSaibQTnZRKnWtbBZRxC5cii1A=
github.com/gregoryv/nexus v0.4.0/go.mod h1:DJ2Ia6WpPX26edFW6LCl+9nYyX2h6Ot/kyJ83J+SAL0=
github.com/gregoryv/nexus v0.5.1 h1:Yd+BJXwgU1QmUV1pn1DYI71tF2u5Q4ge1lVLBGEEIDc=
github.com/gregoryv/nexus v0.5.1/go.mod h1:DJ2Ia6WpPX26edFW6LCl+9nYyX2h6Ot/kyJ83J+SAL0=
github.com/gregoryv/nugo v0.3.6 h1:arrrL+GqUn3+lhnSE6wG48wKSBCWMydS+7ODdPPWLX0=
github.com/gregoryv/nugo v0.3.6/go.mod h1:va1vYkJFTGovPSmSVrJmoKQke7ipS2iXAbA8Fnt/jOU=
github.com/gregoryv/qual v0.2.1/go.mod h1:5M5kejbZgxtswBGeoXC1yh4CP94W3FFv5o60BflBlnY=
github.com/gregoryv/qual v0.3.1/go.mod h1:dB0ZUMaE5qieQ975kKI7A4CDfg6wgcsPcSlY1SWuq9Y=
github.com/gregoryv/qual v0.4.0 h1:CqXWXavcX0YRbgMaX/kyY96yZFFbYHg1k1+qXK22HJ8=
github.com/gregoryv/qual v0.4.0/go.mod h1:dB0ZUMaE5qieQ975kKI7A4CDfg6wgcsPcSlY1SWuq9Y=
github.com/gregoryv/rs v0.4.2 h1:Vfh2fGBviPfNytNpu/ptU2HW3fBCMjUOWAbege9CeT0=
github.com/gregoryv/rs v0.4.2/go.mod h1:KtPW7Oxz0Igq/CtqqJW7mI+pf3LxvV56u4yj0qS5gQ4=
github.com/gregoryv/stamp v0.2.0 h1:03ivTobCyJam1Ipdh6pM8p/I/4kPYtJD8NyHux3QINY=
github.com/gregoryv/stamp v0.2.0/go.mod h1:WshcWN15bpw0R0ZIh1XU2BseKfvpD/gWurz2NF+Mz6U=
github.com/gregoryv/web v0.21.0/go.mod h1:wAsePq4XiIuLmEOI9qNpgaK3rdXY3huHkwNGjUuvngw=
github.com/gregoryv/web v0.22.0 h1:SzcU048ibWFzeQIovDCQ4RBEhkr8UMkIonzSsAmt3qg=
github.com/gregoryv/web v0.22.0/go.mod h1:ZNxc8oE709qkkeVZw377xfpsR/kgCu+TRIfRsF4hXEY=
github.com/gregoryv/workdir v0.2.0 h1:a0V87TpJpda5rHPj+lrJTiUD7pqdddUERYPWEJY8ufc=
github.com/gregoryv/workdir v0.2.0/go.mod h1:qX7yFN0yqysNfEr2F5Tta9+5K8oueS/sqBmdiExBoYA=
github.com/gregoryv/worklog v0.4.1-0.20211119055456-069c4dc63372 h1:QpuzW9BNaXDKzk+cwbIPce1sslBRDQiu7CLnefxqBbA=
github.com/gregoryv/worklog v0.4.1-0.20211119055456-069c4dc63372/go.mod h1:dnDHQHdjmwsdyV5mvhbn+ONcwE+fTj10a1WyBowWbys=
github.com/kr/pretty v0.1.0/go.mod h1:dAy3ld7l9f0ibDNOQOHHMYYIIbhfbHSm3C4ZsoJORNo=
github.com/kr/pty v1.1.1/go.mod h1:pFQYn66WHrOpPYNljwOMqo10TkYh1fy3cYio2l3bCsQ=
github.com/kr/text v0.1.0/go.mod h1:4Jbv+DJW3UT/LiOwJeYQe1efqtUx/iVham/4vfdArNI=
github.com/lucasb-eyer/go-colorful v1.0.3/go.mod h1:R4dSotOR9KMtayYi1e77YzuveK+i7ruzyGqttikkLy0=
github.com/mattn/go-runewidth v0.0.7/go.mod h1:H031xJmbD/WCDINGzjvQ9THkh0rPKHF+m2gUSrubnMI=
github.com/mattn/go-runewidth v0.0.9/go.mod h1:H031xJmbD/WCDINGzjvQ9THkh0rPKHF+m2gUSrubnMI=
github.com/pmezard/go-difflib v1.0.0 h1:4DBwDE0NGyQoBHbLQYPwSUPoCMWR5BEzIk/f1lZbAQM=
github.com/pmezard/go-difflib v1.0.0/go.mod h1:iKH77koFhYxTK1pcRnkKkqfTogsbg7gZNVY4sRDYZ/4=
github.com/sergi/go-diff v1.1.0/go.mod h1:STckp+ISIX8hZLjrqAeVduY0gWCT9IjLuqbuNXdaHfM=
github.com/stretchr/objx v0.1.0/go.mod h1:HFkY916IF+rwdDfMAkV7OtwuqBVzrE8GR6GFx+wExME=
github.com/stretchr/testify v1.4.0/go.mod h1:j7eGeouHqKxXV5pUuKE4zz7dFj8WfuZ+81PSLYec5m4=
github.com/stretchr/testify v1.5.1/go.mod h1:5W2xD1RspED5o8YsWQXVCued0rvSQ+mT+I5cxcmMvtA=
golang.org/x/crypto v0.0.0-20190308221718-c2843e01d9a2/go.mod h1:djNgcEr1/C05ACkg1iLfiJU5Ep61QUkGW8qpdssI0+w=
golang.org/x/crypto v0.0.0-20191011191535-87dc89f01550/go.mod h1:yigFU9vqHzYiE8UmvKecakEJjdnWj3jj499lnFckfCI=
golang.org/x/exp v0.0.0-20190306152737-a1d7652674e8/go.mod h1:CJ0aWSM057203Lf6IL+f9T1iT9GByDxfZKAQTCR3kQA=
golang.org/x/exp v0.0.0-20200821190819-94841d0725da/go.mod h1:3jZMyOhIsHpP37uCMkUooju7aAi5cS1Q23tOzKc+0MU=
golang.org/x/image v0.0.0-20190227222117-0694c2d4d067/go.mod h1:kZ7UVZpmo3dzQBMxlp+ypCbDeSB+sBbTgSJuh5dn5js=
golang.org/x/image v0.0.0-20190802002840-cff245a6509b/go.mod h1:FeLwcggjj3mMvU+oOTbSwawSJRM1uh48EjtB4UJZlP0=
golang.org/x/mobile v0.0.0-20190719004257-d2bd2a29d028/go.mod h1:E/iHnbuqvinMTCcRqshq8CkpyQDoeVncDDYHnLhea+o=
golang.org/x/mod v0.1.1-0.20191105210325-c90efee705ee/go.mod h1:QqPTAvyqsEbceGzBzNggFXnrqF1CaUcvgkdR5Ot7KZg=
golang.org/x/mod v0.1.1-0.20191107180719-034126e5016b/go.mod h1:QqPTAvyqsEbceGzBzNggFXnrqF1CaUcvgkdR5Ot7KZg=
golang.org/x/net v0.0.0-20190404232315-eb5bcb51f2a3/go.mod h1:t9HGtf8HONx5eT2rtn7q6eTqICYqUVnKs3thJo3Qplg=
golang.org/x/net v0.0.0-20190620200207-3b0461eec859/go.mod h1:z5CRVTTTmAJ677TzLLGU+0bjPO0LkuOLi4/5GtJWs/s=
golang.org/x/net v0.0.0-20210917221730-978cfadd31cf h1:R150MpwJIv1MpS0N/pc+NhTM8ajzvlmxlY5OYsrevXQ=
golang.org/x/net v0.0.0-20210917221730-978cfadd31cf/go.mod h1:9nx3DQGgdP8bBQD5qxJ1jj9UTztislL4KSBs9R2vV5Y=
golang.org/x/sync v0.0.0-20190423024810-112230192c58/go.mod h1:RxMgew5VJxzue5/jJTE5uejpjVlOe/izrB70Jof72aM=
golang.org/x/sys v0.0.0-20190215142949-d0b11bdaac8a/go.mod h1:STP8DvDyc/dI5b8T5hshtkjS+E42TnysNCUPdjciGhY=
golang.org/x/sys v0.0.0-20190312061237-fead79001313/go.mod h1:h1NjWce9XRLGQEsW7wpKNCjG9DtNlClVuFLEZdDNbEs=
golang.org/x/sys v0.0.0-20190412213103-97732733099d/go.mod h1:h1NjWce9XRLGQEsW7wpKNCjG9DtNlClVuFLEZdDNbEs=
golang.org/x/sys v0.0.0-20190626150813-e07cf5db2756/go.mod h1:h1NjWce9XRLGQEsW7wpKNCjG9DtNlClVuFLEZdDNbEs=
golang.org/x/sys v0.0.0-20191001151750-bb3f8db39f24/go.mod h1:h1NjWce9XRLGQEsW7wpKNCjG9DtNlClVuFLEZdDNbEs=
golang.org/x/sys v0.0.0-20201119102817-f84b799fce68/go.mod h1:h1NjWce9XRLGQEsW7wpKNCjG9DtNlClVuFLEZdDNbEs=
golang.org/x/sys v0.0.0-20210423082822-04245dca01da/go.mod h1:h1NjWce9XRLGQEsW7wpKNCjG9DtNlClVuFLEZdDNbEs=
golang.org/x/term v0.0.0-20201126162022-7de9c90e9dd1/go.mod h1:bj7SfCRtBDWHUb9snDiAeCFNEtKQo2Wmx5Cou7ajbmo=
golang.org/x/text v0.3.0/go.mod h1:NqM8EUOU14njkJ3fqMW+pc6Ldnwhi/IjpwHt7yyuwOQ=
golang.org/x/text v0.3.6/go.mod h1:5Zoc/QRtKVWzQhOtBMvqHzDpF6irO9z98xDceosuGiQ=
golang.org/x/tools v0.0.0-20180917221912-90fa682c2a6e/go.mod h1:n7NCudcB/nEzxVGmLbDWY5pfWTLqBcC2KZ6jyYvM4mQ=
golang.org/x/tools v0.0.0-20200207183749-b753a1ba74fa/go.mod h1:TB2adYChydJhpapKDTa4BR/hXlZSLoq2Wpct/0txZ28=
golang.org/x/xerrors v0.0.0-20191011141410-1b5146add898/go.mod h1:I/5z698sn9Ka8TeJc9MKroUUfqBBauWjQqLJ2OPfmY0=
gopkg.in/check.v1 v0.0.0-20161208181325-20d25e280405/go.mod h1:Co6ibVJAznAaIkqp8huTwlJQCZ016jof/cbN4VW5Yz0=
gopkg.in/check.v1 v1.0.0-20190902080502-41f04d3bba15/go.mod h1:Co6ibVJAznAaIkqp8huTwlJQCZ016jof/cbN4VW5Yz0=
gopkg.in/yaml.v2 v2.2.2/go.mod h1:hI93XBmqTisBFMUTm0b8Fm+jr3Dg1NNxqwp+5A1VGuI=
gopkg.in/yaml.v2 v2.2.4/go.mod h1:hI93XBmqTisBFMUTm0b8Fm+jr3Dg1NNxqwp+5A1VGuI=
