github.com/gregoryv/asserter v0.0.0-20190107225103-362c9498ddfe/go.mod h1:iLD46IKZjjleTkmDikemRaDZQldDrq8uwTnygV/hC/M=
github.com/gregoryv/asserter v0.1.0 h1:p+0pvUOuUCn/rVy7YxafoxfXnYPfVptbExJOrWQy9sc=
github.com/gregoryv/asserter v0.1.0/go.mod h1:iLD46IKZjjleTkmDikemRaDZQldDrq8uwTnygV/hC/M=
github.com/gregoryv/asserter v0.2.3-0.20200604204219-cc98dbaa395f h1:mo8t8e+1eBn/hDltBObMmPhh+xF4Vx1IjJTKdCYOl6M=
github.com/gregoryv/asserter v0.2.3-0.20200604204219-cc98dbaa395f/go.mod h1:WjMhNLh0zjyvgOQpWWx8Om0n7jlgMzTn7qgKhJeH8ew=
github.com/gregoryv/asserter v0.3.1-0.20200620185907-332cdf62ce04 h1:zK/Yft5oP6Fvd992f7Ct4cH9nqureN2Jz9d2YQ6Aps8=
github.com/gregoryv/asserter v0.3.1-0.20200620185907-332cdf62ce04/go.mod h1:WjMhNLh0zjyvgOQpWWx8Om0n7jlgMzTn7qgKhJeH8ew=
github.com/gregoryv/asserter v0.4.0 h1:UkV6xSFVb/wvEidJ40Gt6WPSto/ODbtGOKWJ+uVTbZI=
github.com/gregoryv/asserter v0.4.0/go.mod h1:WjMhNLh0zjyvgOQpWWx8Om0n7jlgMzTn7qgKhJeH8ew=
github.com/gregoryv/draw v0.9.0 h1:+Li4J4ePYzra0M1Ihh+f3kFAv3MF9UcaT37+IVck6TA=
github.com/gregoryv/draw v0.9.0/go.mod h1:aIBRpJ6WIOpnpgHjb2t2kthKZM74x55TGea+ZIElVwg=
github.com/gregoryv/find v0.0.0-20180328085109-1bbc2d70c482/go.mod h1:/xxQlO62bzxhyabf2iKJzGJa+VAJy25spLI/6ICTrxU=
github.com/gregoryv/find v0.1.1 h1:ETW9JKrNN1zRbySlTKELfqC+pJHhIQYj8mZo5F93GpQ=
github.com/gregoryv/find v0.1.1/go.mod h1:ZxH/FkVt6VM//T7edeCqCc2dJRrLAtCYvtvdM6Hk398=
github.com/gregoryv/fox v0.2.0 h1:K+2Wc4JiAb+cH2A189G7SOeXCnD2GjndG9NpOkaqA3E=
github.com/gregoryv/fox v0.2.0/go.mod h1:TIjp1KNSs4u5psYeHElpkZTAuj2SKuELviyJokIqjSs=
github.com/gregoryv/fox v0.3.1 h1:55Xk+pcVvOVCyvWDg5CNYZ1iNNVwXjeOjhB+8UEPFUA=
github.com/gregoryv/fox v0.3.1/go.mod h1:YHFvaSSaw6+XapVnfD27LIPcOMixy5PhLHC1h3SB24w=
github.com/gregoryv/fox v0.3.2 h1:CDzq9LGGiKWwB4My3u5d+q8D5g5R5z5lUhJcd0L3aWQ=
github.com/gregoryv/fox v0.3.2/go.mod h1:YHFvaSSaw6+XapVnfD27LIPcOMixy5PhLHC1h3SB24w=
github.com/gregoryv/go-timesheet v0.1.0 h1:DPFeb0TrkbEx+DFihB7ItB4FtwHItl6rkHTii27J0wQ=
github.com/gregoryv/go-timesheet v0.1.0/go.mod h1:+3KIsZJgy3SxeT6mETSoRZY1/EAOsGrPOebYEECLllg=
github.com/gregoryv/gocyclo v0.0.0-20180305144948-0be7902fabdc h1:chhF7lRELMFmxWl3AWbZ2UT1xQtN9nqFGyhL3jwGWDs=
github.com/gregoryv/gocyclo v0.0.0-20180305144948-0be7902fabdc/go.mod h1:x/QA8cT1gfn/XriQ/CVNX7I8IM4Z2YJAAEWFym2clZI=
github.com/gregoryv/golden v0.3.1 h1:OdVsKRhiTWQj/euKcBU09KHK1iYfLljijh+lE01GETc=
github.com/gregoryv/golden v0.3.1/go.mod h1:gwYSBOmvGF+fefo7P1PyBpAqqvYx6S85dmkUaI6QMU4=
github.com/gregoryv/nexus v0.4.0 h1:8LsAq8VDAhdGWsgudRtoi7vPqBYXja5wk9QttLDq9lc=
github.com/gregoryv/nexus v0.4.0/go.mod h1:DJ2Ia6WpPX26edFW6LCl+9nYyX2h6Ot/kyJ83J+SAL0=
github.com/gregoryv/nugo v0.3.0 h1:duA4CHGLHaJXOU0d+iDlz2eKbUQeN1Z+x9K9SPMlCR8=
github.com/gregoryv/nugo v0.3.0/go.mod h1:va1vYkJFTGovPSmSVrJmoKQke7ipS2iXAbA8Fnt/jOU=
github.com/gregoryv/qual v0.2.1/go.mod h1:5M5kejbZgxtswBGeoXC1yh4CP94W3FFv5o60BflBlnY=
github.com/gregoryv/qual v0.3.1 h1:RUdYxRhxkkZSHU0eTH7nTzYgxG7NxEYsMyN6Gnj/qus=
github.com/gregoryv/qual v0.3.1/go.mod h1:dB0ZUMaE5qieQ975kKI7A4CDfg6wgcsPcSlY1SWuq9Y=
github.com/gregoryv/qual v0.4.0 h1:CqXWXavcX0YRbgMaX/kyY96yZFFbYHg1k1+qXK22HJ8=
github.com/gregoryv/qual v0.4.0/go.mod h1:dB0ZUMaE5qieQ975kKI7A4CDfg6wgcsPcSlY1SWuq9Y=
github.com/gregoryv/rs v0.2.0 h1:b3jFn7/oGiI/3bkENFcwZgDzPJUpUEKhgG878xL30Ls=
github.com/gregoryv/rs v0.2.0/go.mod h1:msr3C09iba0Yp0KC949zY5IJffBctnDcJOi/rXD0lIA=
github.com/gregoryv/stamp v0.2.0 h1:03ivTobCyJam1Ipdh6pM8p/I/4kPYtJD8NyHux3QINY=
github.com/gregoryv/stamp v0.2.0/go.mod h1:WshcWN15bpw0R0ZIh1XU2BseKfvpD/gWurz2NF+Mz6U=
